
Microsoft Visual Studio Solution File, Format Version 12.00
# Visual Studio 15
VisualStudioVersion = 15.0.27130.2010
MinimumVisualStudioVersion = 10.0.40219.1
Project("{FAE04EC0-301F-11D3-BF4B-00C04F79EFBC}") = "AsyncAwaitService", "AsyncAwaitService\AsyncAwaitService.csproj", "{D1480C99-2BF0-421B-8E37-E5EF17ECB069}"
EndProject
Project("{FAE04EC0-301F-11D3-BF4B-00C04F79EFBC}") = "AsyncAwaitWebUI", "AsyncAwaitWebUI\AsyncAwaitWebUI.csproj", "{665AB1AB-97CA-40F1-885B-DAEA45AC4DAC}"
	ProjectSection(ProjectDependencies) = postProject
		{D1480C99-2BF0-421B-8E37-E5EF17ECB069} = {D1480C99-2BF0-421B-8E37-E5EF17ECB069}
	EndProjectSection
EndProject
Project("{2150E333-8FDC-42A3-9474-1A3956D46DE8}") = "Documents", "Documents", "{F5961E02-BDA4-4C97-AC41-79B17EE42ED4}"
	ProjectSection(SolutionItems) = preProject
		.gitignore = .gitignore
		README.md = README.md
	EndProjectSection
EndProject
Global
	GlobalSection(SolutionConfigurationPlatforms) = preSolution
		Debug|Any CPU = Debug|Any CPU
		Release|Any CPU = Release|Any CPU
	EndGlobalSection
	GlobalSection(ProjectConfigurationPlatforms) = postSolution
		{D1480C99-2BF0-421B-8E37-E5EF17ECB069}.Debug|Any CPU.ActiveCfg = Debug|Any CPU
		{D1480C99-2BF0-421B-8E37-E5EF17ECB069}.Debug|Any CPU.Build.0 = Debug|Any CPU
		{D1480C99-2BF0-421B-8E37-E5EF17ECB069}.Release|Any CPU.ActiveCfg = Release|Any CPU
		{D1480C99-2BF0-421B-8E37-E5EF17ECB069}.Release|Any CPU.Build.0 = Release|Any CPU
		{665AB1AB-97CA-40F1-885B-DAEA45AC4DAC}.Debug|Any CPU.ActiveCfg = Debug|Any CPU
		{665AB1AB-97CA-40F1-885B-DAEA45AC4DAC}.Debug|Any CPU.Build.0 = Debug|Any CPU
		{665AB1AB-97CA-40F1-885B-DAEA45AC4DAC}.Release|Any CPU.ActiveCfg = Release|Any CPU
		{665AB1AB-97CA-40F1-885B-DAEA45AC4DAC}.Release|Any CPU.Build.0 = Release|Any CPU
	EndGlobalSection
	GlobalSection(SolutionProperties) = preSolution
		HideSolutionNode = FALSE
	EndGlobalSection
	GlobalSection(ExtensibilityGlobals) = postSolution
		SolutionGuid = {39981D5C-EB04-4876-8150-EA08D2D10480}
	EndGlobalSection
EndGlobal
